
Microsoft Visual Studio Solution File, Format Version 12.00
# Visual Studio Version 16
VisualStudioVersion = 16.0.30611.23
MinimumVisualStudioVersion = 10.0.40219.1
Project("{FAE04EC0-301F-11D3-BF4B-00C04F79EFBC}") = "MvcStok", "MvcStok\MvcStok.csproj", "{509805FD-C3E3-477E-87C4-6169F9EEA3AD}"
EndProject
Global
	GlobalSection(SolutionConfigurationPlatforms) = preSolution
		Debug|Any CPU = Debug|Any CPU
		Release|Any CPU = Release|Any CPU
	EndGlobalSection
	GlobalSection(ProjectConfigurationPlatforms) = postSolution
		{509805FD-C3E3-477E-87C4-6169F9EEA3AD}.Debug|Any CPU.ActiveCfg = Debug|Any CPU
		{509805FD-C3E3-477E-87C4-6169F9EEA3AD}.Debug|Any CPU.Build.0 = Debug|Any CPU
		{509805FD-C3E3-477E-87C4-6169F9EEA3AD}.Release|Any CPU.ActiveCfg = Release|Any CPU
		{509805FD-C3E3-477E-87C4-6169F9EEA3AD}.Release|Any CPU.Build.0 = Release|Any CPU
	EndGlobalSection
	GlobalSection(SolutionProperties) = preSolution
		HideSolutionNode = FALSE
	EndGlobalSection
	GlobalSection(ExtensibilityGlobals) = postSolution
		SolutionGuid = {3A6E73A3-18CF-4A16-97C2-128AE0B4FF85}
	EndGlobalSection
EndGlobal
